
Microsoft Visual Studio Solution File, Format Version 12.00
# Visual Studio Version 16
VisualStudioVersion = 16.0.31613.86
MinimumVisualStudioVersion = 10.0.40219.1
Project("{FAE04EC0-301F-11D3-BF4B-00C04F79EFBC}") = "WordsBlazor", "WordsBlazor\WordsBlazor.csproj", "{27D84CD6-F5BD-4D47-B54C-3AFF894027BE}"
EndProject
Global
	GlobalSection(SolutionConfigurationPlatforms) = preSolution
		Debug|Any CPU = Debug|Any CPU
		Release|Any CPU = Release|Any CPU
	EndGlobalSection
	GlobalSection(ProjectConfigurationPlatforms) = postSolution
		{27D84CD6-F5BD-4D47-B54C-3AFF894027BE}.Debug|Any CPU.ActiveCfg = Debug|Any CPU
		{27D84CD6-F5BD-4D47-B54C-3AFF894027BE}.Debug|Any CPU.Build.0 = Debug|Any CPU
		{27D84CD6-F5BD-4D47-B54C-3AFF894027BE}.Release|Any CPU.ActiveCfg = Release|Any CPU
		{27D84CD6-F5BD-4D47-B54C-3AFF894027BE}.Release|Any CPU.Build.0 = Release|Any CPU
	EndGlobalSection
	GlobalSection(SolutionProperties) = preSolution
		HideSolutionNode = FALSE
	EndGlobalSection
	GlobalSection(ExtensibilityGlobals) = postSolution
		SolutionGuid = {E2994F98-A5DC-41A6-B8FE-E8AFF5001F03}
	EndGlobalSection
EndGlobal
